
Microsoft Visual Studio Solution File, Format Version 12.00
# Visual Studio Version 16
VisualStudioVersion = 16.0.31624.102
MinimumVisualStudioVersion = 10.0.40219.1
Project("{FAE04EC0-301F-11D3-BF4B-00C04F79EFBC}") = "S2_DPA_FirstMVC.Web", "S2_DPA_FirstMVC.Web\S2_DPA_FirstMVC.Web.csproj", "{492732C3-9D9B-4534-B52D-367907BC66CB}"
EndProject
Global
	GlobalSection(SolutionConfigurationPlatforms) = preSolution
		Debug|Any CPU = Debug|Any CPU
		Release|Any CPU = Release|Any CPU
	EndGlobalSection
	GlobalSection(ProjectConfigurationPlatforms) = postSolution
		{492732C3-9D9B-4534-B52D-367907BC66CB}.Debug|Any CPU.ActiveCfg = Debug|Any CPU
		{492732C3-9D9B-4534-B52D-367907BC66CB}.Debug|Any CPU.Build.0 = Debug|Any CPU
		{492732C3-9D9B-4534-B52D-367907BC66CB}.Release|Any CPU.ActiveCfg = Release|Any CPU
		{492732C3-9D9B-4534-B52D-367907BC66CB}.Release|Any CPU.Build.0 = Release|Any CPU
	EndGlobalSection
	GlobalSection(SolutionProperties) = preSolution
		HideSolutionNode = FALSE
	EndGlobalSection
	GlobalSection(ExtensibilityGlobals) = postSolution
		SolutionGuid = {0D6BDCD2-6097-4BEB-B6BC-770CC9D98781}
	EndGlobalSection
EndGlobal
